
Microsoft Visual Studio Solution File, Format Version 12.00
# Visual Studio Version 17
VisualStudioVersion = 17.7.34009.444
MinimumVisualStudioVersion = 10.0.40219.1
Project("{FAE04EC0-301F-11D3-BF4B-00C04F79EFBC}") = "WebApplication1", "WebApplication1.csproj", "{2B9F7975-5429-4D99-9C47-E2736C3B52B0}"
EndProject
Global
	GlobalSection(SolutionConfigurationPlatforms) = preSolution
		Debug|Any CPU = Debug|Any CPU
		Release|Any CPU = Release|Any CPU
	EndGlobalSection
	GlobalSection(ProjectConfigurationPlatforms) = postSolution
		{2B9F7975-5429-4D99-9C47-E2736C3B52B0}.Debug|Any CPU.ActiveCfg = Debug|Any CPU
		{2B9F7975-5429-4D99-9C47-E2736C3B52B0}.Debug|Any CPU.Build.0 = Debug|Any CPU
		{2B9F7975-5429-4D99-9C47-E2736C3B52B0}.Release|Any CPU.ActiveCfg = Release|Any CPU
		{2B9F7975-5429-4D99-9C47-E2736C3B52B0}.Release|Any CPU.Build.0 = Release|Any CPU
	EndGlobalSection
	GlobalSection(SolutionProperties) = preSolution
		HideSolutionNode = FALSE
	EndGlobalSection
	GlobalSection(ExtensibilityGlobals) = postSolution
		SolutionGuid = {A05ED8FA-42F5-4BBE-AFEB-2D3FCE9B9CD9}
	EndGlobalSection
EndGlobal
